<?xml version="1.0" encoding="utf-8"?>
<Project ToolsVersion="4.0" xmlns="http://schemas.microsoft.com/developer/msbuild/2003">
  <ItemGroup>
    <Filter Include="리소스 파일">
      <UniqueIdentifier>{67DA6AB6-F800-4c08-8B7A-83BB121AAD01}</UniqueIdentifier>
      <Extensions>rc;ico;cur;bmp;dlg;rc2;rct;bin;rgs;gif;jpg;jpeg;jpe;resx;tiff;tif;png;wav;mfcribbon-ms</Extensions>
    </Filter>
    <Filter Include="GameObject">
      <UniqueIdentifier>{a37b12d7-f04d-401a-b1f7-e49791646611}</UniqueIdentifier>
    </Filter>
    <Filter Include="Scene">
      <UniqueIdentifier>{f0d27950-bd51-4ac4-bdc4-e9ad0944f534}</UniqueIdentifier>
    </Filter>
    <Filter Include="Resource">
      <UniqueIdentifier>{e5c6772b-27ce-4b61-bb93-b81bdd469848}</UniqueIdentifier>
    </Filter>
    <Filter Include="Component">
      <UniqueIdentifier>{295c181e-3641-4f60-ae0d-61cc8b187a41}</UniqueIdentifier>
    </Filter>
    <Filter Include="Component\01. Behavior">
      <UniqueIdentifier>{1a87d7a0-b72a-4ce3-8b37-954eff0d60cb}</UniqueIdentifier>
    </Filter>
    <Filter Include="Debug">
      <UniqueIdentifier>{4a8e0696-15d0-455f-b9c1-5e7aee8f1d59}</UniqueIdentifier>
    </Filter>
    <Filter Include="Util">
      <UniqueIdentifier>{342b193f-f0ec-46c0-b857-0c2461dbbbe3}</UniqueIdentifier>
    </Filter>
    <Filter Include="Widget">
      <UniqueIdentifier>{48b8e4ef-7ccd-43e7-9779-4e927165d517}</UniqueIdentifier>
    </Filter>
  </ItemGroup>
  <ItemGroup>
    <ClInclude Include="Resource.h" />
    <ClInclude Include="targetver.h" />
    <ClInclude Include="MainScene.h">
      <Filter>Scene</Filter>
    </ClInclude>
    <ClInclude Include="TitleScene.h">
      <Filter>Scene</Filter>
    </ClInclude>
    <ClInclude Include="PlayerAnimationFSM.h">
      <Filter>Component\01. Behavior</Filter>
    </ClInclude>
    <ClInclude Include="PlayerMovement.h">
      <Filter>Component\01. Behavior</Filter>
    </ClInclude>
    <ClInclude Include="MainHUDWidget.h">
      <Filter>Widget</Filter>
    </ClInclude>
    <ClInclude Include="DebugInputHandler.h">
      <Filter>Debug</Filter>
    </ClInclude>
    <ClInclude Include="CommonLoadingScene.h">
      <Filter>Scene</Filter>
    </ClInclude>
    <ClInclude Include="Paths.h">
      <Filter>Util</Filter>
    </ClInclude>
    <ClInclude Include="LoadScenes.h">
      <Filter>Util</Filter>
    </ClInclude>
    <ClInclude Include="LoadDebugTools.h">
      <Filter>Util</Filter>
    </ClInclude>
    <ClInclude Include="LoadResources.h">
      <Filter>Util</Filter>
    </ClInclude>
    <ClInclude Include="DebugTextWidget.h">
      <Filter>Widget</Filter>
    </ClInclude>
  </ItemGroup>
  <ItemGroup>
    <ResourceCompile Include="HiFi-Rush.rc">
      <Filter>리소스 파일</Filter>
    </ResourceCompile>
  </ItemGroup>
  <ItemGroup>
    <Image Include="small.ico">
      <Filter>리소스 파일</Filter>
    </Image>
    <Image Include="HiFi-Rush.ico">
      <Filter>리소스 파일</Filter>
    </Image>
  </ItemGroup>
  <ItemGroup>
    <ClCompile Include="main.cpp" />
    <ClCompile Include="MainScene.cpp">
      <Filter>Scene</Filter>
    </ClCompile>
    <ClCompile Include="TitleScene.cpp">
      <Filter>Scene</Filter>
    </ClCompile>
    <ClCompile Include="PlayerAnimationFSM.cpp">
      <Filter>Component\01. Behavior</Filter>
    </ClCompile>
    <ClCompile Include="PlayerMovement.cpp">
      <Filter>Component\01. Behavior</Filter>
    </ClCompile>
    <ClCompile Include="MainHUDWidget.cpp">
      <Filter>Widget</Filter>
    </ClCompile>
    <ClCompile Include="DebugInputHandler.cpp">
      <Filter>Debug</Filter>
    </ClCompile>
    <ClCompile Include="CommonLoadingScene.cpp">
      <Filter>Scene</Filter>
    </ClCompile>
    <ClCompile Include="DebugTextWidget.cpp">
      <Filter>Widget</Filter>
    </ClCompile>
  </ItemGroup>
</Project>