<?xml version="1.0" encoding="utf-8"?>
<Project ToolsVersion="4.0" xmlns="http://schemas.microsoft.com/developer/msbuild/2003">
  <ItemGroup>
    <Filter Include="Application">
      <UniqueIdentifier>{43f43941-f43b-4ae5-8f8c-4c3d14e99d1d}</UniqueIdentifier>
    </Filter>
    <Filter Include="Application\Audio">
      <UniqueIdentifier>{622f83d6-7712-4d70-9e9e-5e89c5d2fc74}</UniqueIdentifier>
    </Filter>
    <Filter Include="Debug">
      <UniqueIdentifier>{08b51748-230c-415c-afc3-e5a99a4c24d9}</UniqueIdentifier>
    </Filter>
    <Filter Include="Scene">
      <UniqueIdentifier>{62e28ec6-3e90-4889-9996-122028758b12}</UniqueIdentifier>
    </Filter>
    <Filter Include="System">
      <UniqueIdentifier>{8f2c7135-9131-4ee2-9814-e6ded236f014}</UniqueIdentifier>
    </Filter>
    <Filter Include="Resource">
      <UniqueIdentifier>{97749f03-3305-4429-bd3e-f46a3881b926}</UniqueIdentifier>
    </Filter>
    <Filter Include="Spawner">
      <UniqueIdentifier>{331ad489-26e6-4cd8-bec7-034cf3d59c69}</UniqueIdentifier>
    </Filter>
    <Filter Include="Factory">
      <UniqueIdentifier>{f1e0608d-6375-4627-a132-a06aa7a035fc}</UniqueIdentifier>
    </Filter>
    <Filter Include="GameObject">
      <UniqueIdentifier>{e1f81890-eab1-4c9d-ab3c-8f1b7d3b525c}</UniqueIdentifier>
    </Filter>
    <Filter Include="Component">
      <UniqueIdentifier>{00ff942f-cce5-4326-8791-baf206597438}</UniqueIdentifier>
    </Filter>
    <Filter Include="Component\Beat">
      <UniqueIdentifier>{3783db94-d6f8-4853-8600-5ef65fa8b32e}</UniqueIdentifier>
    </Filter>
    <Filter Include="Component\Combat">
      <UniqueIdentifier>{f8820737-c2b6-4a5b-8554-8349abdc24c5}</UniqueIdentifier>
    </Filter>
    <Filter Include="Component\Environment">
      <UniqueIdentifier>{e1fd7f3c-9071-4a74-960c-f4130dd10c9b}</UniqueIdentifier>
    </Filter>
    <Filter Include="Component\Player">
      <UniqueIdentifier>{e23e0ca6-c80e-45c1-a000-a7e8ced40b97}</UniqueIdentifier>
    </Filter>
    <Filter Include="Component\Player\State">
      <UniqueIdentifier>{07853fa7-9afa-42fc-b449-a8f4bb7beef1}</UniqueIdentifier>
    </Filter>
    <Filter Include="Component\Monster">
      <UniqueIdentifier>{d4cd7d63-1b11-4f0e-807c-ff3f53b3b5ba}</UniqueIdentifier>
    </Filter>
    <Filter Include="Component\Monster\State">
      <UniqueIdentifier>{2cb856a5-fabb-4c62-967c-64550be6823a}</UniqueIdentifier>
    </Filter>
    <Filter Include="Component\Monster\Sjango">
      <UniqueIdentifier>{14fb582c-b9d9-4bb0-ad75-c78c5728ade6}</UniqueIdentifier>
    </Filter>
    <Filter Include="Component\Monster\Sjango\State">
      <UniqueIdentifier>{815bb9b8-30c4-4fd2-aa28-c47f27bf9a82}</UniqueIdentifier>
    </Filter>
    <Filter Include="Component\Monster\Sword">
      <UniqueIdentifier>{e024f27d-fc9e-4640-baff-b80717851904}</UniqueIdentifier>
    </Filter>
    <Filter Include="Component\Monster\Sword\State">
      <UniqueIdentifier>{592ba653-b795-4e09-bec7-dcb4a5752bba}</UniqueIdentifier>
    </Filter>
    <Filter Include="Component\Monster\Gunner">
      <UniqueIdentifier>{52ac24f9-19da-42f4-9084-8bc564146700}</UniqueIdentifier>
    </Filter>
    <Filter Include="Component\Monster\Gunner\State">
      <UniqueIdentifier>{f5a696bb-3085-4cda-87f6-f0ded3d3a786}</UniqueIdentifier>
    </Filter>
    <Filter Include="Widget">
      <UniqueIdentifier>{4119e629-6af0-465a-8d7c-d3f2ef37bb97}</UniqueIdentifier>
    </Filter>
    <Filter Include="Util">
      <UniqueIdentifier>{5de7d524-483e-47d6-a959-a8bba6ac4bc8}</UniqueIdentifier>
    </Filter>
    <Filter Include="Windows">
      <UniqueIdentifier>{71b0d04e-e9fc-42af-a5af-cbf0a36e42e7}</UniqueIdentifier>
    </Filter>
    <Filter Include="리소스 파일">
      <UniqueIdentifier>{c7deeb23-ab63-4b70-b6b9-9f8219501191}</UniqueIdentifier>
      <Extensions>rc;ico;cur;bmp;dlg;rc2;rct;bin;rgs;gif;jpg;jpeg;jpe;resx;tiff;tif;png;wav;mfcribbon-ms</Extensions>
    </Filter>
  </ItemGroup>
  <ItemGroup>
    <ClInclude Include="HiFiRushGameInstance.h">
      <Filter>Application</Filter>
    </ClInclude>
    <ClInclude Include="HiFiRushStatics.h">
      <Filter>Application</Filter>
    </ClInclude>
    <ClInclude Include="HiFiRushAudio.h">
      <Filter>Application\Audio</Filter>
    </ClInclude>
    <ClInclude Include="DebugEventPublisher.h">
      <Filter>Debug</Filter>
    </ClInclude>
    <ClInclude Include="DebugTextWidget.h">
      <Filter>Debug</Filter>
    </ClInclude>
    <ClInclude Include="SceneDebugTools.h">
      <Filter>Debug</Filter>
    </ClInclude>
    <ClInclude Include="FreeFlyMoveComponent.h">
      <Filter>Debug</Filter>
    </ClInclude>
    <ClInclude Include="CommonLoadingScene.h">
      <Filter>Scene</Filter>
    </ClInclude>
    <ClInclude Include="GameplayScene.h">
      <Filter>Scene</Filter>
    </ClInclude>
    <ClInclude Include="TitleScene.h">
      <Filter>Scene</Filter>
    </ClInclude>
    <ClInclude Include="TutorialScene.h">
      <Filter>Scene</Filter>
    </ClInclude>
    <ClInclude Include="OutsideScene.h">
      <Filter>Scene</Filter>
    </ClInclude>
    <ClInclude Include="QamilScene.h">
      <Filter>Scene</Filter>
    </ClInclude>
    <ClInclude Include="TestScene.h">
      <Filter>Scene</Filter>
    </ClInclude>
    <ClInclude Include="BeatSystem.h">
      <Filter>System</Filter>
    </ClInclude>
	<ClInclude Include="RhythmInputJudge.h">
	  <Filter>System</Filter>
	</ClInclude>
    <ClInclude Include="TriggerSequenceSystem.h">
      <Filter>System</Filter>
    </ClInclude>
    <ClInclude Include="Resource.h">
      <Filter>Resource</Filter>
    </ClInclude>
    <ClInclude Include="BinaryMapLoader.h">
      <Filter>Resource</Filter>
    </ClInclude>
    <ClInclude Include="MapResource.h">
      <Filter>Resource</Filter>
    </ClInclude>
    <ClInclude Include="MapTypes.h">
      <Filter>Resource</Filter>
    </ClInclude>
    <ClInclude Include="LoadResources.h">
      <Filter>Resource</Filter>
    </ClInclude>
    <ClInclude Include="MonsterResourceInfo.h">
      <Filter>Resource</Filter>
    </ClInclude>
    <ClInclude Include="PlayerResources.h">
      <Filter>Resource</Filter>
    </ClInclude>
    <ClInclude Include="EnvironmentSpawner.h">
      <Filter>Spawner</Filter>
    </ClInclude>
    <ClInclude Include="MonsterSpawner.h">
      <Filter>Spawner</Filter>
    </ClInclude>
    <ClInclude Include="PlayerSpawner.h">
      <Filter>Spawner</Filter>
    </ClInclude>
    <ClInclude Include="EnvironmentComponentFactory.h">
      <Filter>Factory</Filter>
    </ClInclude>
    <ClInclude Include="IBeatTriggerAction.h">
      <Filter>Component\Beat</Filter>
    </ClInclude>
    <ClInclude Include="BeatMath.h">
      <Filter>Component\Beat</Filter>
    </ClInclude>
    <ClInclude Include="BeatVisibilityComponent.h">
      <Filter>Component\Beat</Filter>
    </ClInclude>
    <ClInclude Include="BeatMoveComponent.h">
      <Filter>Component\Beat</Filter>
    </ClInclude>
    <ClInclude Include="BeatOrbitComponent.h">
      <Filter>Component\Beat</Filter>
    </ClInclude>
    <ClInclude Include="BeatAudioLevelMoveComponent.h">
      <Filter>Component\Beat</Filter>
    </ClInclude>
    <ClInclude Include="BeatStaticMeshCycleComponent.h">
      <Filter>Component\Beat</Filter>
    </ClInclude>
    <ClInclude Include="BeatPositionSequenceComponent.h">
      <Filter>Component\Beat</Filter>
    </ClInclude>
    <ClInclude Include="BeatSkeletalAnimationSyncComponent.h">
      <Filter>Component\Beat</Filter>
    </ClInclude>
    <ClInclude Include="BeatTriggeredSkeletalAnimationComponent.h">
      <Filter>Component\Beat</Filter>
    </ClInclude>
    <ClInclude Include="BeatTransformComponent.h">
      <Filter>Component\Beat</Filter>
    </ClInclude>
    <ClInclude Include="BeatTriggeredRotationComponent.h">
      <Filter>Component\Beat</Filter>
    </ClInclude>
    <ClInclude Include="CombatTypes.h">
      <Filter>Component\Combat</Filter>
    </ClInclude>
    <ClInclude Include="HealthComponent.h">
      <Filter>Component\Combat</Filter>
    </ClInclude>
    <ClInclude Include="ReverbComponent.h">
      <Filter>Component\Player</Filter>
    </ClInclude>
	<ClInclude Include="RhythmRankTypes.h">
	  <Filter>Component\Player</Filter>
	</ClInclude>
	<ClInclude Include="RhythmRankComponent.h">
	  <Filter>Component\Player</Filter>
	</ClInclude>
    <ClInclude Include="HitBoxComponent.h">
      <Filter>Component\Combat</Filter>
    </ClInclude>
	<ClInclude Include="TemporaryBoxHitBoxObject.h">
	  <Filter>GameObject</Filter>
    </ClInclude>
    <ClInclude Include="HurtBoxComponent.h">
      <Filter>Component\Combat</Filter>
    </ClInclude>
    <ClInclude Include="HitReactionComponent.h">
      <Filter>Component\Combat</Filter>
    </ClInclude>
    <ClInclude Include="EnvironmentComponentTypes.h">
      <Filter>Component\Environment</Filter>
    </ClInclude>
    <ClInclude Include="SceneTransitionTriggerComponent.h">
      <Filter>Component\Environment</Filter>
    </ClInclude>
    <ClInclude Include="PlayerRuntimeState.h">
      <Filter>Component\Player</Filter>
    </ClInclude>
    <ClInclude Include="PlayerRuntimeStateSyncComponent.h">
      <Filter>Component\Player</Filter>
    </ClInclude>
    <ClInclude Include="ChiAnimationTypes.h">
      <Filter>Component\Player</Filter>
    </ClInclude>
	<ClInclude Include="ChiAnimationSettings.h">
	  <Filter>Component\Player</Filter>
	</ClInclude>
    <ClInclude Include="ChiMoveComponent.h">
      <Filter>Component\Player</Filter>
    </ClInclude>
    <ClInclude Include="ChiStateMachineComponent.h">
      <Filter>Component\Player</Filter>
    </ClInclude>
    <ClInclude Include="ChiState.h">
      <Filter>Component\Player\State</Filter>
    </ClInclude>
    <ClInclude Include="ChiStateContext.h">
      <Filter>Component\Player\State</Filter>
    </ClInclude>
    <ClInclude Include="ChiStateTypes.h">
      <Filter>Component\Player\State</Filter>
    </ClInclude>
    <ClInclude Include="ChiAttackState.h">
      <Filter>Component\Player\State</Filter>
    </ClInclude>
    <ClInclude Include="ChiDamageState.h">
      <Filter>Component\Player\State</Filter>
    </ClInclude>
    <ClInclude Include="ChiDashState.h">
      <Filter>Component\Player\State</Filter>
    </ClInclude>
    <ClInclude Include="ChiIdleRunState.h">
      <Filter>Component\Player\State</Filter>
    </ClInclude>
    <ClInclude Include="ChiJumpState.h">
      <Filter>Component\Player\State</Filter>
    </ClInclude>
    <ClInclude Include="ChiSpecialState.h">
      <Filter>Component\Player\State</Filter>
    </ClInclude>
    <ClInclude Include="MonsterCombatComponent.h">
      <Filter>Component\Monster</Filter>
    </ClInclude>
    <ClInclude Include="MonsterStateMachineComponent.h">
      <Filter>Component\Monster</Filter>
    </ClInclude>
    <ClInclude Include="MonsterTypes.h">
      <Filter>Component\Monster</Filter>
    </ClInclude>
    <ClInclude Include="MonsterState.h">
      <Filter>Component\Monster\State</Filter>
    </ClInclude>
    <ClInclude Include="MonsterStateContext.h">
      <Filter>Component\Monster\State</Filter>
    </ClInclude>
    <ClInclude Include="MonsterStateTypes.h">
      <Filter>Component\Monster\State</Filter>
    </ClInclude>
    <ClInclude Include="SjangoAnimationTypes.h">
      <Filter>Component\Monster\Sjango</Filter>
    </ClInclude>
    <ClInclude Include="SjangoStateMachineComponent.h">
      <Filter>Component\Monster\Sjango</Filter>
    </ClInclude>
    <ClInclude Include="SjangoState.h">
      <Filter>Component\Monster\Sjango\State</Filter>
    </ClInclude>
    <ClInclude Include="SwordAnimationTypes.h">
      <Filter>Component\Monster\Sword</Filter>
    </ClInclude>
    <ClInclude Include="SwordStateMachineComponent.h">
      <Filter>Component\Monster\Sword</Filter>
    </ClInclude>
    <ClInclude Include="SwordState.h">
      <Filter>Component\Monster\Sword\State</Filter>
    </ClInclude>
    <ClInclude Include="GunnerAnimationTypes.h">
      <Filter>Component\Monster\Gunner</Filter>
    </ClInclude>
    <ClInclude Include="GunnerStateMachineComponent.h">
      <Filter>Component\Monster\Gunner</Filter>
    </ClInclude>
    <ClInclude Include="GunnerState.h">
      <Filter>Component\Monster\Gunner\State</Filter>
    </ClInclude>
    <ClInclude Include="LoadingScreenWidget.h">
      <Filter>Widget</Filter>
    </ClInclude>
	<ClInclude Include="RhythmBarWidget.h">
	  <Filter>Widget</Filter>
	</ClInclude>
	<ClInclude Include="RhythmMeterWidget.h">
	  <Filter>Widget</Filter>
	</ClInclude>
	<ClInclude Include="GameplayAnnouncementWidget.h">
	  <Filter>Widget</Filter>
	</ClInclude>
	<ClInclude Include="ComboResultWidget.h">
	  <Filter>Widget</Filter>
	</ClInclude>
	<ClInclude Include="PlayerStatusWidget.h">
	  <Filter>Widget</Filter>
	</ClInclude>
    <ClInclude Include="MainHUDWidget.h">
      <Filter>Widget</Filter>
    </ClInclude>
    <ClInclude Include="Paths.h">
      <Filter>Util</Filter>
    </ClInclude>
    <ClInclude Include="HiFiRushCollisionLayers.h">
      <Filter>Util</Filter>
    </ClInclude>
    <ClInclude Include="HiFiRushAnimationNotifyNames.h">
      <Filter>Util</Filter>
    </ClInclude>
    <ClInclude Include="targetver.h">
      <Filter>Windows</Filter>
    </ClInclude>
  </ItemGroup>
  <ItemGroup>
    <ClCompile Include="main.cpp">
      <Filter>Application</Filter>
    </ClCompile>
    <ClCompile Include="HiFiRushGameInstance.cpp">
      <Filter>Application</Filter>
    </ClCompile>
    <ClCompile Include="HiFiRushStatics.cpp">
      <Filter>Application</Filter>
    </ClCompile>
    <ClCompile Include="HiFiRushAudio.cpp">
      <Filter>Application\Audio</Filter>
    </ClCompile>
    <ClCompile Include="DebugEventPublisher.cpp">
      <Filter>Debug</Filter>
    </ClCompile>
    <ClCompile Include="DebugTextWidget.cpp">
      <Filter>Debug</Filter>
    </ClCompile>
    <ClCompile Include="SceneDebugTools.cpp">
      <Filter>Debug</Filter>
    </ClCompile>
    <ClCompile Include="FreeFlyMoveComponent.cpp">
      <Filter>Debug</Filter>
    </ClCompile>
    <ClCompile Include="CommonLoadingScene.cpp">
      <Filter>Scene</Filter>
    </ClCompile>
    <ClCompile Include="GameplayScene.cpp">
      <Filter>Scene</Filter>
    </ClCompile>
    <ClCompile Include="TitleScene.cpp">
      <Filter>Scene</Filter>
    </ClCompile>
    <ClCompile Include="TutorialScene.cpp">
      <Filter>Scene</Filter>
    </ClCompile>
    <ClCompile Include="OutsideScene.cpp">
      <Filter>Scene</Filter>
    </ClCompile>
    <ClCompile Include="QamilScene.cpp">
      <Filter>Scene</Filter>
    </ClCompile>
    <ClCompile Include="TestScene.cpp">
      <Filter>Scene</Filter>
    </ClCompile>
    <ClCompile Include="BeatSystem.cpp">
      <Filter>System</Filter>
    </ClCompile>
	<ClCompile Include="RhythmInputJudge.cpp">
	  <Filter>System</Filter>
	</ClCompile>
    <ClCompile Include="TriggerSequenceSystem.cpp">
      <Filter>System</Filter>
    </ClCompile>
    <ClCompile Include="BinaryMapLoader.cpp">
      <Filter>Resource</Filter>
    </ClCompile>
    <ClCompile Include="MapResource.cpp">
      <Filter>Resource</Filter>
    </ClCompile>
    <ClCompile Include="LoadResources.cpp">
      <Filter>Resource</Filter>
    </ClCompile>
    <ClCompile Include="MonsterResourceInfo.cpp">
      <Filter>Resource</Filter>
    </ClCompile>
    <ClCompile Include="EnvironmentSpawner.cpp">
      <Filter>Spawner</Filter>
    </ClCompile>
    <ClCompile Include="MonsterSpawner.cpp">
      <Filter>Spawner</Filter>
    </ClCompile>
    <ClCompile Include="PlayerSpawner.cpp">
      <Filter>Spawner</Filter>
    </ClCompile>
    <ClCompile Include="EnvironmentComponentFactory.cpp">
      <Filter>Factory</Filter>
    </ClCompile>
    <ClCompile Include="BeatVisibilityComponent.cpp">
      <Filter>Component\Beat</Filter>
    </ClCompile>
    <ClCompile Include="BeatMoveComponent.cpp">
      <Filter>Component\Beat</Filter>
    </ClCompile>
    <ClCompile Include="BeatOrbitComponent.cpp">
      <Filter>Component\Beat</Filter>
    </ClCompile>
    <ClCompile Include="BeatAudioLevelMoveComponent.cpp">
      <Filter>Component\Beat</Filter>
    </ClCompile>
    <ClCompile Include="BeatStaticMeshCycleComponent.cpp">
      <Filter>Component\Beat</Filter>
    </ClCompile>
    <ClCompile Include="BeatPositionSequenceComponent.cpp">
      <Filter>Component\Beat</Filter>
    </ClCompile>
    <ClCompile Include="BeatSkeletalAnimationSyncComponent.cpp">
      <Filter>Component\Beat</Filter>
    </ClCompile>
    <ClCompile Include="BeatTriggeredSkeletalAnimationComponent.cpp">
      <Filter>Component\Beat</Filter>
    </ClCompile>
    <ClCompile Include="BeatTransformComponent.cpp">
      <Filter>Component\Beat</Filter>
    </ClCompile>
    <ClCompile Include="BeatTriggeredRotationComponent.cpp">
      <Filter>Component\Beat</Filter>
    </ClCompile>
    <ClCompile Include="HealthComponent.cpp">
      <Filter>Component\Combat</Filter>
    </ClCompile>
    <ClCompile Include="ReverbComponent.cpp">
      <Filter>Component\Player</Filter>
    </ClCompile>
	<ClCompile Include="RhythmRankComponent.cpp">
	  <Filter>Component\Player</Filter>
	</ClCompile>
    <ClCompile Include="HitBoxComponent.cpp">
      <Filter>Component\Combat</Filter>
    </ClCompile>
	<ClCompile Include="TemporaryBoxHitBoxObject.cpp">
	  <Filter>GameObject</Filter>
    </ClCompile>
    <ClCompile Include="HurtBoxComponent.cpp">
      <Filter>Component\Combat</Filter>
    </ClCompile>
    <ClCompile Include="HitReactionComponent.cpp">
      <Filter>Component\Combat</Filter>
    </ClCompile>
    <ClCompile Include="SceneTransitionTriggerComponent.cpp">
      <Filter>Component\Environment</Filter>
    </ClCompile>
    <ClCompile Include="PlayerRuntimeStateSyncComponent.cpp">
      <Filter>Component\Player</Filter>
    </ClCompile>
    <ClCompile Include="ChiMoveComponent.cpp">
      <Filter>Component\Player</Filter>
    </ClCompile>
	<ClCompile Include="ChiAnimationSettings.cpp">
	  <Filter>Component\Player</Filter>
	</ClCompile>
    <ClCompile Include="ChiStateMachineComponent.cpp">
      <Filter>Component\Player</Filter>
    </ClCompile>
    <ClCompile Include="ChiState.cpp">
      <Filter>Component\Player\State</Filter>
    </ClCompile>
    <ClCompile Include="ChiAttackState.cpp">
      <Filter>Component\Player\State</Filter>
    </ClCompile>
    <ClCompile Include="ChiDamageState.cpp">
      <Filter>Component\Player\State</Filter>
    </ClCompile>
    <ClCompile Include="ChiDashState.cpp">
      <Filter>Component\Player\State</Filter>
    </ClCompile>
    <ClCompile Include="ChiIdleRunState.cpp">
      <Filter>Component\Player\State</Filter>
    </ClCompile>
    <ClCompile Include="ChiJumpState.cpp">
      <Filter>Component\Player\State</Filter>
    </ClCompile>
    <ClCompile Include="ChiSpecialState.cpp">
      <Filter>Component\Player\State</Filter>
    </ClCompile>
    <ClCompile Include="MonsterCombatComponent.cpp">
      <Filter>Component\Monster</Filter>
    </ClCompile>
    <ClCompile Include="MonsterStateMachineComponent.cpp">
      <Filter>Component\Monster</Filter>
    </ClCompile>
    <ClCompile Include="MonsterState.cpp">
      <Filter>Component\Monster\State</Filter>
    </ClCompile>
    <ClCompile Include="SjangoStateMachineComponent.cpp">
      <Filter>Component\Monster\Sjango</Filter>
    </ClCompile>
    <ClCompile Include="SjangoState.cpp">
      <Filter>Component\Monster\Sjango\State</Filter>
    </ClCompile>
    <ClCompile Include="SwordStateMachineComponent.cpp">
      <Filter>Component\Monster\Sword</Filter>
    </ClCompile>
    <ClCompile Include="SwordState.cpp">
      <Filter>Component\Monster\Sword\State</Filter>
    </ClCompile>
    <ClCompile Include="GunnerStateMachineComponent.cpp">
      <Filter>Component\Monster\Gunner</Filter>
    </ClCompile>
    <ClCompile Include="GunnerState.cpp">
      <Filter>Component\Monster\Gunner\State</Filter>
    </ClCompile>
    <ClCompile Include="LoadingScreenWidget.cpp">
      <Filter>Widget</Filter>
    </ClCompile>
	<ClCompile Include="RhythmBarWidget.cpp">
	  <Filter>Widget</Filter>
	</ClCompile>
	<ClCompile Include="RhythmMeterWidget.cpp">
	  <Filter>Widget</Filter>
	</ClCompile>
	<ClCompile Include="GameplayAnnouncementWidget.cpp">
	  <Filter>Widget</Filter>
	</ClCompile>
	<ClCompile Include="ComboResultWidget.cpp">
	  <Filter>Widget</Filter>
	</ClCompile>
	<ClCompile Include="PlayerStatusWidget.cpp">
	  <Filter>Widget</Filter>
	</ClCompile>
    <ClCompile Include="MainHUDWidget.cpp">
      <Filter>Widget</Filter>
    </ClCompile>
  </ItemGroup>
  <ItemGroup>
    <ResourceCompile Include="HiFi-Rush.rc">
      <Filter>리소스 파일</Filter>
    </ResourceCompile>
  </ItemGroup>
  <ItemGroup>
    <Image Include="HiFi-Rush.ico">
      <Filter>리소스 파일</Filter>
    </Image>
    <Image Include="small.ico">
      <Filter>리소스 파일</Filter>
    </Image>
  </ItemGroup>
</Project>
