<?xml version="1.0" encoding="utf-8"?>
<Project ToolsVersion="4.0" xmlns="http://schemas.microsoft.com/developer/msbuild/2003">
  <ItemGroup>
    <ClInclude Include="Application.h" />
    <ClInclude Include="SpriteRenderer.h">
      <Filter>Engine Component</Filter>
    </ClInclude>
    <ClInclude Include="Transform.h">
      <Filter>Engine Component</Filter>
    </ClInclude>
    <ClInclude Include="Time.h">
      <Filter>SubSystem</Filter>
    </ClInclude>
    <ClInclude Include="Input.h">
      <Filter>SubSystem</Filter>
    </ClInclude>
    <ClInclude Include="SceneManager.h">
      <Filter>SubSystem</Filter>
    </ClInclude>
    <ClInclude Include="Entity.h">
      <Filter>Base</Filter>
    </ClInclude>
    <ClInclude Include="GameObject.h">
      <Filter>Base</Filter>
    </ClInclude>
    <ClInclude Include="Scene.h">
      <Filter>Base</Filter>
    </ClInclude>
    <ClInclude Include="Component.h">
      <Filter>Base</Filter>
    </ClInclude>
    <ClInclude Include="Vector2.h">
      <Filter>Util</Filter>
    </ClInclude>
    <ClInclude Include="GMAssert.h">
      <Filter>Util</Filter>
    </ClInclude>
    <ClInclude Include="Color.h">
      <Filter>Util</Filter>
    </ClInclude>
    <ClInclude Include="GMLog.h">
      <Filter>Util</Filter>
    </ClInclude>
    <ClInclude Include="IAnimator.h">
      <Filter>Engine Component\Animator</Filter>
    </ClInclude>
    <ClInclude Include="Resource.h">
      <Filter>Resource</Filter>
    </ClInclude>
    <ClInclude Include="Resources.h">
      <Filter>SubSystem</Filter>
    </ClInclude>
    <ClInclude Include="DebugRenderer.h">
      <Filter>Debugger</Filter>
    </ClInclude>
    <ClInclude Include="Camera.h">
      <Filter>Engine Component</Filter>
    </ClInclude>
    <ClInclude Include="Collider2D.h">
      <Filter>Engine Component\Physics</Filter>
    </ClInclude>
    <ClInclude Include="AnimationClip.h">
      <Filter>Resource\AnimationClip</Filter>
    </ClInclude>
    <ClInclude Include="BoxCollider2D.h">
      <Filter>Engine Component\Physics</Filter>
    </ClInclude>
    <ClInclude Include="CircleCollider2D.h">
      <Filter>Engine Component\Physics</Filter>
    </ClInclude>
    <ClInclude Include="Texture.h">
      <Filter>Resource\Texture</Filter>
    </ClInclude>
    <ClInclude Include="AnimationTypes.h">
      <Filter>Engine Component\Animator</Filter>
    </ClInclude>
    <ClInclude Include="AnimationController.h">
      <Filter>Engine Component\Animator</Filter>
    </ClInclude>
    <ClInclude Include="SpriteAnimator.h">
      <Filter>Engine Component\Animator</Filter>
    </ClInclude>
    <ClInclude Include="SpriteFrame.h">
      <Filter>Resource\AnimationClip\Sprite</Filter>
    </ClInclude>
    <ClInclude Include="SpriteAnimationClip.h">
      <Filter>Resource\AnimationClip\Sprite</Filter>
    </ClInclude>
    <ClInclude Include="AnimationClipSet.h">
      <Filter>Engine Component\Animator</Filter>
    </ClInclude>
    <ClInclude Include="AnimationNotify.h">
      <Filter>Engine Component\Animator</Filter>
    </ClInclude>
    <ClInclude Include="PhysicsSystem2D.h">
      <Filter>Engine Component\Physics</Filter>
    </ClInclude>
    <ClInclude Include="Rigidbody2D.h">
      <Filter>Engine Component\Physics</Filter>
    </ClInclude>
  </ItemGroup>
  <ItemGroup>
    <ClCompile Include="Application.cpp" />
    <ClCompile Include="BoxCollider2D.cpp">
      <Filter>Engine Component\Physics</Filter>
    </ClCompile>
    <ClCompile Include="SpriteRenderer.cpp">
      <Filter>Engine Component</Filter>
    </ClCompile>
    <ClCompile Include="Transform.cpp">
      <Filter>Engine Component</Filter>
    </ClCompile>
    <ClCompile Include="Input.cpp">
      <Filter>SubSystem</Filter>
    </ClCompile>
    <ClCompile Include="SceneManager.cpp">
      <Filter>SubSystem</Filter>
    </ClCompile>
    <ClCompile Include="Time.cpp">
      <Filter>SubSystem</Filter>
    </ClCompile>
    <ClCompile Include="Entity.cpp">
      <Filter>Base</Filter>
    </ClCompile>
    <ClCompile Include="GameObject.cpp">
      <Filter>Base</Filter>
    </ClCompile>
    <ClCompile Include="Scene.cpp">
      <Filter>Base</Filter>
    </ClCompile>
    <ClCompile Include="Component.cpp">
      <Filter>Base</Filter>
    </ClCompile>
    <ClCompile Include="GMAssert.cpp">
      <Filter>Util</Filter>
    </ClCompile>
    <ClCompile Include="GMLog.cpp">
      <Filter>Util</Filter>
    </ClCompile>
    <ClCompile Include="Resource.cpp">
      <Filter>Resource</Filter>
    </ClCompile>
    <ClCompile Include="Resources.cpp">
      <Filter>SubSystem</Filter>
    </ClCompile>
    <ClCompile Include="DebugRenderer.cpp">
      <Filter>Debugger</Filter>
    </ClCompile>
    <ClCompile Include="Camera.cpp">
      <Filter>Engine Component</Filter>
    </ClCompile>
    <ClCompile Include="CircleCollider2D.cpp">
      <Filter>Engine Component\Physics</Filter>
    </ClCompile>
    <ClCompile Include="Collider2D.cpp">
      <Filter>Engine Component\Physics</Filter>
    </ClCompile>
    <ClCompile Include="PhysicsSystem2D.cpp">
      <Filter>Engine Component\Physics</Filter>
    </ClCompile>
    <ClCompile Include="AnimationClip.cpp">
      <Filter>Resource\AnimationClip</Filter>
    </ClCompile>
    <ClCompile Include="Texture.cpp">
      <Filter>Resource\Texture</Filter>
    </ClCompile>
    <ClCompile Include="AnimationController.cpp">
      <Filter>Engine Component\Animator</Filter>
    </ClCompile>
    <ClCompile Include="SpriteAnimator.cpp">
      <Filter>Engine Component\Animator</Filter>
    </ClCompile>
    <ClCompile Include="SpriteAnimationClip.cpp">
      <Filter>Resource\AnimationClip\Sprite</Filter>
    </ClCompile>
    <ClCompile Include="AnimationClipSet.cpp">
      <Filter>Engine Component\Animator</Filter>
    </ClCompile>
    <ClCompile Include="AnimationNotify.cpp">
      <Filter>Engine Component\Animator</Filter>
    </ClCompile>
  </ItemGroup>
  <ItemGroup>
    <Filter Include="Util">
      <UniqueIdentifier>{6c5e1ef7-4946-4f2b-8527-e61816d0455d}</UniqueIdentifier>
    </Filter>
    <Filter Include="SubSystem">
      <UniqueIdentifier>{c05a0ef3-a255-4456-86d9-7ca4267cf1c2}</UniqueIdentifier>
    </Filter>
    <Filter Include="Base">
      <UniqueIdentifier>{434aedff-6f0e-403c-b024-687feef0c1b1}</UniqueIdentifier>
    </Filter>
    <Filter Include="Engine Component">
      <UniqueIdentifier>{ec99db76-1296-4889-9f1d-bdebfc9b0aea}</UniqueIdentifier>
    </Filter>
    <Filter Include="Resource">
      <UniqueIdentifier>{41d7a4d9-43b8-4be9-9baa-16650015719b}</UniqueIdentifier>
    </Filter>
    <Filter Include="Debugger">
      <UniqueIdentifier>{6cafcfdf-c330-498d-b8dd-a773b82a2e4a}</UniqueIdentifier>
    </Filter>
    <Filter Include="Resource\AnimationClip">
      <UniqueIdentifier>{b1e51c32-3921-4947-b739-32ff8e03c820}</UniqueIdentifier>
    </Filter>
    <Filter Include="Resource\Texture">
      <UniqueIdentifier>{b0fb520d-bc46-471d-8b48-475823bb3314}</UniqueIdentifier>
    </Filter>
    <Filter Include="Engine Component\Animator">
      <UniqueIdentifier>{40eb6569-d2d1-40ac-9cf1-2e5dd1547278}</UniqueIdentifier>
    </Filter>
    <Filter Include="Resource\AnimationClip\Sprite">
      <UniqueIdentifier>{b8e56446-bc85-4a57-b1ab-d6750796bde6}</UniqueIdentifier>
    </Filter>
    <Filter Include="Engine Component\Physics">
      <UniqueIdentifier>{99a58ece-17e2-4b4f-b0f9-ece6522650e0}</UniqueIdentifier>
    </Filter>
  </ItemGroup>
</Project>
